// !$*UTF8*$!
{
	archiveVersion = 1;
	classes = {
	};
	objectVersion = 46;
	objects = {

/* Begin PBXBuildFile section */
		A9C059131D92739100B12D81 /* main.m in Sources */ = {isa = PBXBuildFile; fileRef = A9C059121D92739100B12D81 /* main.m */; };
		A9C059161D92739100B12D81 /* AppDelegate.m in Sources */ = {isa = PBXBuildFile; fileRef = A9C059151D92739100B12D81 /* AppDelegate.m */; };
		A9C059191D92739100B12D81 /* ViewController.m in Sources */ = {isa = PBXBuildFile; fileRef = A9C059181D92739100B12D81 /* ViewController.m */; };
		A9C0591C1D92739100B12D81 /* Main.storyboard in Resources */ = {isa = PBXBuildFile; fileRef = A9C0591A1D92739100B12D81 /* Main.storyboard */; };
		A9C0591F1D92739100B12D81 /* buttonAnimiation.xcdatamodeld in Sources */ = {isa = PBXBuildFile; fileRef = A9C0591D1D92739100B12D81 /* buttonAnimiation.xcdatamodeld */; };
		A9C059211D92739100B12D81 /* Assets.xcassets in Resources */ = {isa = PBXBuildFile; fileRef = A9C059201D92739100B12D81 /* Assets.xcassets */; };
		A9C059241D92739100B12D81 /* LaunchScreen.storyboard in Resources */ = {isa = PBXBuildFile; fileRef = A9C059221D92739100B12D81 /* LaunchScreen.storyboard */; };
		A9C0592D1D92744D00B12D81 /* buttonOrderView.m in Sources */ = {isa = PBXBuildFile; fileRef = A9C0592C1D92744D00B12D81 /* buttonOrderView.m */; };
/* End PBXBuildFile section */

/* Begin PBXFileReference section */
		A9C0590E1D92739100B12D81 /* buttonAnimiation.app */ = {isa = PBXFileReference; explicitFileType = wrapper.application; includeInIndex = 0; path = buttonAnimiation.app; sourceTree = BUILT_PRODUCTS_DIR; };
		A9C059121D92739100B12D81 /* main.m */ = {isa = PBXFileReference; lastKnownFileType = sourcecode.c.objc; path = main.m; sourceTree = "<group>"; };
		A9C059141D92739100B12D81 /* AppDelegate.h */ = {isa = PBXFileReference; lastKnownFileType = sourcecode.c.h; path = AppDelegate.h; sourceTree = "<group>"; };
		A9C059151D92739100B12D81 /* AppDelegate.m */ = {isa = PBXFileReference; lastKnownFileType = sourcecode.c.objc; path = AppDelegate.m; sourceTree = "<group>"; };
		A9C059171D92739100B12D81 /* ViewController.h */ = {isa = PBXFileReference; lastKnownFileType = sourcecode.c.h; path = ViewController.h; sourceTree = "<group>"; };
		A9C059181D92739100B12D81 /* ViewController.m */ = {isa = PBXFileReference; lastKnownFileType = sourcecode.c.objc; path = ViewController.m; sourceTree = "<group>"; };
		A9C0591B1D92739100B12D81 /* Base */ = {isa = PBXFileReference; lastKnownFileType = file.storyboard; name = Base; path = Base.lproj/Main.storyboard; sourceTree = "<group>"; };
		A9C0591E1D92739100B12D81 /* buttonAnimiation.xcdatamodel */ = {isa = PBXFileReference; lastKnownFileType = wrapper.xcdatamodel; path = buttonAnimiation.xcdatamodel; sourceTree = "<group>"; };
		A9C059201D92739100B12D81 /* Assets.xcassets */ = {isa = PBXFileReference; lastKnownFileType = folder.assetcatalog; path = Assets.xcassets; sourceTree = "<group>"; };
		A9C059231D92739100B12D81 /* Base */ = {isa = PBXFileReference; lastKnownFileType = file.storyboard; name = Base; path = Base.lproj/LaunchScreen.storyboard; sourceTree = "<group>"; };
		A9C059251D92739100B12D81 /* Info.plist */ = {isa = PBXFileReference; lastKnownFileType = text.plist.xml; path = Info.plist; sourceTree = "<group>"; };
		A9C0592B1D92744D00B12D81 /* buttonOrderView.h */ = {isa = PBXFileReference; fileEncoding = 4; lastKnownFileType = sourcecode.c.h; path = buttonOrderView.h; sourceTree = "<group>"; };
		A9C0592C1D92744D00B12D81 /* buttonOrderView.m */ = {isa = PBXFileReference; fileEncoding = 4; lastKnownFileType = sourcecode.c.objc; path = buttonOrderView.m; sourceTree = "<group>"; };
/* End PBXFileReference section */

/* Begin PBXFrameworksBuildPhase section */
		A9C0590B1D92739100B12D81 /* Frameworks */ = {
			isa = PBXFrameworksBuildPhase;
			buildActionMask = 2147483647;
			files = (
			);
			runOnlyForDeploymentPostprocessing = 0;
		};
/* End PBXFrameworksBuildPhase section */

/* Begin PBXGroup section */
		A9C059051D92739100B12D81 = {
			isa = PBXGroup;
			children = (
				A9C059101D92739100B12D81 /* buttonAnimiation */,
				A9C0590F1D92739100B12D81 /* Products */,
			);
			sourceTree = "<group>";
		};
		A9C0590F1D92739100B12D81 /* Products */ = {
			isa = PBXGroup;
			children = (
				A9C0590E1D92739100B12D81 /* buttonAnimiation.app */,
			);
			name = Products;
			sourceTree = "<group>";
		};
		A9C059101D92739100B12D81 /* buttonAnimiation */ = {
			isa = PBXGroup;
			children = (
				A9C059141D92739100B12D81 /* AppDelegate.h */,
				A9C059151D92739100B12D81 /* AppDelegate.m */,
				A9C059171D92739100B12D81 /* ViewController.h */,
				A9C059181D92739100B12D81 /* ViewController.m */,
				A9C0592B1D92744D00B12D81 /* buttonOrderView.h */,
				A9C0592C1D92744D00B12D81 /* buttonOrderView.m */,
				A9C0591A1D92739100B12D81 /* Main.storyboard */,
				A9C059201D92739100B12D81 /* Assets.xcassets */,
				A9C059221D92739100B12D81 /* LaunchScreen.storyboard */,
				A9C059251D92739100B12D81 /* Info.plist */,
				A9C0591D1D92739100B12D81 /* buttonAnimiation.xcdatamodeld */,
				A9C059111D92739100B12D81 /* Supporting Files */,
			);
			path = buttonAnimiation;
			sourceTree = "<group>";
		};
		A9C059111D92739100B12D81 /* Supporting Files */ = {
			isa = PBXGroup;
			children = (
				A9C059121D92739100B12D81 /* main.m */,
			);
			name = "Supporting Files";
			sourceTree = "<group>";
		};
/* End PBXGroup section */

/* Begin PBXNativeTarget section */
		A9C0590D1D92739100B12D81 /* buttonAnimiation */ = {
			isa = PBXNativeTarget;
			buildConfigurationList = A9C059281D92739100B12D81 /* Build configuration list for PBXNativeTarget "buttonAnimiation" */;
			buildPhases = (
				A9C0590A1D92739100B12D81 /* Sources */,
				A9C0590B1D92739100B12D81 /* Frameworks */,
				A9C0590C1D92739100B12D81 /* Resources */,
			);
			buildRules = (
			);
			dependencies = (
			);
			name = buttonAnimiation;
			productName = buttonAnimiation;
			productReference = A9C0590E1D92739100B12D81 /* buttonAnimiation.app */;
			productType = "com.apple.product-type.application";
		};
/* End PBXNativeTarget section */

/* Begin PBXProject section */
		A9C059061D92739100B12D81 /* Project object */ = {
			isa = PBXProject;
			attributes = {
				LastUpgradeCheck = 0720;
				ORGANIZATIONNAME = gxtc;
				TargetAttributes = {
					A9C0590D1D92739100B12D81 = {
						CreatedOnToolsVersion = 7.2;
					};
				};
			};
			buildConfigurationList = A9C059091D92739100B12D81 /* Build configuration list for PBXProject "buttonAnimiation" */;
			compatibilityVersion = "Xcode 3.2";
			developmentRegion = English;
			hasScannedForEncodings = 0;
			knownRegions = (
				en,
				Base,
			);
			mainGroup = A9C059051D92739100B12D81;
			productRefGroup = A9C0590F1D92739100B12D81 /* Products */;
			projectDirPath = "";
			projectRoot = "";
			targets = (
				A9C0590D1D92739100B12D81 /* buttonAnimiation */,
			);
		};
/* End PBXProject section */

/* Begin PBXResourcesBuildPhase section */
		A9C0590C1D92739100B12D81 /* Resources */ = {
			isa = PBXResourcesBuildPhase;
			buildActionMask = 2147483647;
			files = (
				A9C059241D92739100B12D81 /* LaunchScreen.storyboard in Resources */,
				A9C059211D92739100B12D81 /* Assets.xcassets in Resources */,
				A9C0591C1D92739100B12D81 /* Main.storyboard in Resources */,
			);
			runOnlyForDeploymentPostprocessing = 0;
		};
/* End PBXResourcesBuildPhase section */

/* Begin PBXSourcesBuildPhase section */
		A9C0590A1D92739100B12D81 /* Sources */ = {
			isa = PBXSourcesBuildPhase;
			buildActionMask = 2147483647;
			files = (
				A9C059191D92739100B12D81 /* ViewController.m in Sources */,
				A9C059161D92739100B12D81 /* AppDelegate.m in Sources */,
				A9C0592D1D92744D00B12D81 /* buttonOrderView.m in Sources */,
				A9C0591F1D92739100B12D81 /* buttonAnimiation.xcdatamodeld in Sources */,
				A9C059131D92739100B12D81 /* main.m in Sources */,
			);
			runOnlyForDeploymentPostprocessing = 0;
		};
/* End PBXSourcesBuildPhase section */

/* Begin PBXVariantGroup section */
		A9C0591A1D92739100B12D81 /* Main.storyboard */ = {
			isa = PBXVariantGroup;
			children = (
				A9C0591B1D92739100B12D81 /* Base */,
			);
			name = Main.storyboard;
			sourceTree = "<group>";
		};
		A9C059221D92739100B12D81 /* LaunchScreen.storyboard */ = {
			isa = PBXVariantGroup;
			children = (
				A9C059231D92739100B12D81 /* Base */,
			);
			name = LaunchScreen.storyboard;
			sourceTree = "<group>";
		};
/* End PBXVariantGroup section */

/* Begin XCBuildConfiguration section */
		A9C059261D92739100B12D81 /* Debug */ = {
			isa = XCBuildConfiguration;
			buildSettings = {
				ALWAYS_SEARCH_USER_PATHS = NO;
				CLANG_CXX_LANGUAGE_STANDARD = "gnu++0x";
				CLANG_CXX_LIBRARY = "libc++";
				CLANG_ENABLE_MODULES = YES;
				CLANG_ENABLE_OBJC_ARC = YES;
				CLANG_WARN_BOOL_CONVERSION = YES;
				CLANG_WARN_CONSTANT_CONVERSION = YES;
				CLANG_WARN_DIRECT_OBJC_ISA_USAGE = YES_ERROR;
				CLANG_WARN_EMPTY_BODY = YES;
				CLANG_WARN_ENUM_CONVERSION = YES;
				CLANG_WARN_INT_CONVERSION = YES;
				CLANG_WARN_OBJC_ROOT_CLASS = YES_ERROR;
				CLANG_WARN_UNREACHABLE_CODE = YES;
				CLANG_WARN__DUPLICATE_METHOD_MATCH = YES;
				"CODE_SIGN_IDENTITY[sdk=iphoneos*]" = "iPhone Developer";
				COPY_PHASE_STRIP = NO;
				DEBUG_INFORMATION_FORMAT = dwarf;
				ENABLE_STRICT_OBJC_MSGSEND = YES;
				ENABLE_TESTABILITY = YES;
				GCC_C_LANGUAGE_STANDARD = gnu99;
				GCC_DYNAMIC_NO_PIC = NO;
				GCC_NO_COMMON_BLOCKS = YES;
				GCC_OPTIMIZATION_LEVEL = 0;
				GCC_PREPROCESSOR_DEFINITIONS = (
					"DEBUG=1",
					"$(inherited)",
				);
				GCC_WARN_64_TO_32_BIT_CONVERSION = YES;
				GCC_WARN_ABOUT_RETURN_TYPE = YES_ERROR;
				GCC_WARN_UNDECLARED_SELECTOR = YES;
				GCC_WARN_UNINITIALIZED_AUTOS = YES_AGGRESSIVE;
				GCC_WARN_UNUSED_FUNCTION = YES;
				GCC_WARN_UNUSED_VARIABLE = YES;
				IPHONEOS_DEPLOYMENT_TARGET = 9.2;
				MTL_ENABLE_DEBUG_INFO = YES;
				ONLY_ACTIVE_ARCH = YES;
				SDKROOT = iphoneos;
			};
			name = Debug;
		};
		A9C059271D92739100B12D81 /* Release */ = {
			isa = XCBuildConfiguration;
			buildSettings = {
				ALWAYS_SEARCH_USER_PATHS = NO;
				CLANG_CXX_LANGUAGE_STANDARD = "gnu++0x";
				CLANG_CXX_LIBRARY = "libc++";
				CLANG_ENABLE_MODULES = YES;
				CLANG_ENABLE_OBJC_ARC = YES;
				CLANG_WARN_BOOL_CONVERSION = YES;
				CLANG_WARN_CONSTANT_CONVERSION = YES;
				CLANG_WARN_DIRECT_OBJC_ISA_USAGE = YES_ERROR;
				CLANG_WARN_EMPTY_BODY = YES;
				CLANG_WARN_ENUM_CONVERSION = YES;
				CLANG_WARN_INT_CONVERSION = YES;
				CLANG_WARN_OBJC_ROOT_CLASS = YES_ERROR;
				CLANG_WARN_UNREACHABLE_CODE = YES;
				CLANG_WARN__DUPLICATE_METHOD_MATCH = YES;
				"CODE_SIGN_IDENTITY[sdk=iphoneos*]" = "iPhone Developer";
				COPY_PHASE_STRIP = NO;
				DEBUG_INFORMATION_FORMAT = "dwarf-with-dsym";
				ENABLE_NS_ASSERTIONS = NO;
				ENABLE_STRICT_OBJC_MSGSEND = YES;
				GCC_C_LANGUAGE_STANDARD = gnu99;
				GCC_NO_COMMON_BLOCKS = YES;
				GCC_WARN_64_TO_32_BIT_CONVERSION = YES;
				GCC_WARN_ABOUT_RETURN_TYPE = YES_ERROR;
				GCC_WARN_UNDECLARED_SELECTOR = YES;
				GCC_WARN_UNINITIALIZED_AUTOS = YES_AGGRESSIVE;
				GCC_WARN_UNUSED_FUNCTION = YES;
				GCC_WARN_UNUSED_VARIABLE = YES;
				IPHONEOS_DEPLOYMENT_TARGET = 9.2;
				MTL_ENABLE_DEBUG_INFO = NO;
				SDKROOT = iphoneos;
				VALIDATE_PRODUCT = YES;
			};
			name = Release;
		};
		A9C059291D92739100B12D81 /* Debug */ = {
			isa = XCBuildConfiguration;
			buildSettings = {
				ASSETCATALOG_COMPILER_APPICON_NAME = AppIcon;
				INFOPLIST_FILE = buttonAnimiation/Info.plist;
				LD_RUNPATH_SEARCH_PATHS = "$(inherited) @executable_path/Frameworks";
				PRODUCT_BUNDLE_IDENTIFIER = xqp.buttonAnimiation;
				PRODUCT_NAME = "$(TARGET_NAME)";
			};
			name = Debug;
		};
		A9C0592A1D92739100B12D81 /* Release */ = {
			isa = XCBuildConfiguration;
			buildSettings = {
				ASSETCATALOG_COMPILER_APPICON_NAME = AppIcon;
				INFOPLIST_FILE = buttonAnimiation/Info.plist;
				LD_RUNPATH_SEARCH_PATHS = "$(inherited) @executable_path/Frameworks";
				PRODUCT_BUNDLE_IDENTIFIER = xqp.buttonAnimiation;
				PRODUCT_NAME = "$(TARGET_NAME)";
			};
			name = Release;
		};
/* End XCBuildConfiguration section */

/* Begin XCConfigurationList section */
		A9C059091D92739100B12D81 /* Build configuration list for PBXProject "buttonAnimiation" */ = {
			isa = XCConfigurationList;
			buildConfigurations = (
				A9C059261D92739100B12D81 /* Debug */,
				A9C059271D92739100B12D81 /* Release */,
			);
			defaultConfigurationIsVisible = 0;
			defaultConfigurationName = Release;
		};
		A9C059281D92739100B12D81 /* Build configuration list for PBXNativeTarget "buttonAnimiation" */ = {
			isa = XCConfigurationList;
			buildConfigurations = (
				A9C059291D92739100B12D81 /* Debug */,
				A9C0592A1D92739100B12D81 /* Release */,
			);
			defaultConfigurationIsVisible = 0;
		};
/* End XCConfigurationList section */

/* Begin XCVersionGroup section */
		A9C0591D1D92739100B12D81 /* buttonAnimiation.xcdatamodeld */ = {
			isa = XCVersionGroup;
			children = (
				A9C0591E1D92739100B12D81 /* buttonAnimiation.xcdatamodel */,
			);
			currentVersion = A9C0591E1D92739100B12D81 /* buttonAnimiation.xcdatamodel */;
			path = buttonAnimiation.xcdatamodeld;
			sourceTree = "<group>";
			versionGroupType = wrapper.xcdatamodel;
		};
/* End XCVersionGroup section */
	};
	rootObject = A9C059061D92739100B12D81 /* Project object */;
}
